
Microsoft Visual Studio Solution File, Format Version 12.00
# Visual Studio Version 17
VisualStudioVersion = 17.0.31410.414
MinimumVisualStudioVersion = 10.0.40219.1
Project("{2150E333-8FDC-42A3-9474-1A3956D46DE8}") = "Solution Items", "Solution Items", "{97B434A5-AA7A-4BE8-A7C9-78DFBDB486D0}"
	ProjectSection(SolutionItems) = preProject
		.editorconfig = .editorconfig
	EndProjectSection
EndProject
Project("{9A19103F-16F7-4668-BE54-9A1E7A4F7556}") = "GamesBot", "GamesBot\GamesBot.csproj", "{547EFB9F-5453-41FA-BDB2-ACB86EAF3086}"
EndProject
Global
	GlobalSection(SolutionConfigurationPlatforms) = preSolution
		Debug|Any CPU = Debug|Any CPU
		Release|Any CPU = Release|Any CPU
	EndGlobalSection
	GlobalSection(ProjectConfigurationPlatforms) = postSolution
		{547EFB9F-5453-41FA-BDB2-ACB86EAF3086}.Debug|Any CPU.ActiveCfg = Debug|Any CPU
		{547EFB9F-5453-41FA-BDB2-ACB86EAF3086}.Debug|Any CPU.Build.0 = Debug|Any CPU
		{547EFB9F-5453-41FA-BDB2-ACB86EAF3086}.Release|Any CPU.ActiveCfg = Release|Any CPU
		{547EFB9F-5453-41FA-BDB2-ACB86EAF3086}.Release|Any CPU.Build.0 = Release|Any CPU
	EndGlobalSection
	GlobalSection(SolutionProperties) = preSolution
		HideSolutionNode = FALSE
	EndGlobalSection
	GlobalSection(ExtensibilityGlobals) = postSolution
		SolutionGuid = {A8E01E47-2A45-4082-A76B-E1668CCBC18A}
	EndGlobalSection
EndGlobal
